// !$*UTF8*$!
{
	archiveVersion = 1;
	classes = {
	};
	objectVersion = 52;
	objects = {

/* Begin PBXBuildFile section */
		DC00B355264DB58E002FA907 /* AppCenterManager.swift in Sources */ = {isa = PBXBuildFile; fileRef = DC00B354264DB58E002FA907 /* AppCenterManager.swift */; };
		DC13E01126094CFA00825137 /* PlayerManager.swift in Sources */ = {isa = PBXBuildFile; fileRef = DC13E01026094CFA00825137 /* PlayerManager.swift */; };
		DC3850E32638626C004B9413 /* RemoveSpeakerRequest.swift in Sources */ = {isa = PBXBuildFile; fileRef = DC3850E22638626C004B9413 /* RemoveSpeakerRequest.swift */; };
		DC3850E6263862BF004B9413 /* RemoveSpeakerResponse.swift in Sources */ = {isa = PBXBuildFile; fileRef = DC3850E5263862BF004B9413 /* RemoveSpeakerResponse.swift */; };
		DC5ABA0C260FAD9100FDCED8 /* AppInfoStore.swift in Sources */ = {isa = PBXBuildFile; fileRef = DC5ABA0B260FAD9100FDCED8 /* AppInfoStore.swift */; };
		DC604BE82625F858006BB234 /* ConversationParticipant.swift in Sources */ = {isa = PBXBuildFile; fileRef = DC604BE72625F858006BB234 /* ConversationParticipant.swift */; };
		DC604BEB2625F9F7006BB234 /* LiveStreamRole.swift in Sources */ = {isa = PBXBuildFile; fileRef = DC604BEA2625F9F7006BB234 /* LiveStreamRole.swift */; };
		DC629AFB2605392700777293 /* LiveStreamState.swift in Sources */ = {isa = PBXBuildFile; fileRef = DC629AFA2605392700777293 /* LiveStreamState.swift */; };
		DCA23EDE25F93C580076C4FC /* AppDelegate.swift in Sources */ = {isa = PBXBuildFile; fileRef = DCA23EDD25F93C580076C4FC /* AppDelegate.swift */; };
		DCA23EE025F93C580076C4FC /* SceneDelegate.swift in Sources */ = {isa = PBXBuildFile; fileRef = DCA23EDF25F93C580076C4FC /* SceneDelegate.swift */; };
		DCA23EE225F93C580076C4FC /* RoomListViewController.swift in Sources */ = {isa = PBXBuildFile; fileRef = DCA23EE125F93C580076C4FC /* RoomListViewController.swift */; };
		DCA23EE525F93C580076C4FC /* Main.storyboard in Resources */ = {isa = PBXBuildFile; fileRef = DCA23EE325F93C580076C4FC /* Main.storyboard */; };
		DCA23EE725F93C5D0076C4FC /* Assets.xcassets in Resources */ = {isa = PBXBuildFile; fileRef = DCA23EE625F93C5D0076C4FC /* Assets.xcassets */; };
		DCA23EEA25F93C5D0076C4FC /* LaunchScreen.storyboard in Resources */ = {isa = PBXBuildFile; fileRef = DCA23EE825F93C5D0076C4FC /* LaunchScreen.storyboard */; };
		DCA23EF525F9433F0076C4FC /* RoomViewController.swift in Sources */ = {isa = PBXBuildFile; fileRef = DCA23EF425F9433F0076C4FC /* RoomViewController.swift */; };
		DCA23EF825F9435D0076C4FC /* SignInViewController.swift in Sources */ = {isa = PBXBuildFile; fileRef = DCA23EF725F9435D0076C4FC /* SignInViewController.swift */; };
		DCA23F0E25F975F00076C4FC /* AuthStore.swift in Sources */ = {isa = PBXBuildFile; fileRef = DCA23F0525F975F00076C4FC /* AuthStore.swift */; };
		DCA23F1A25F976650076C4FC /* KeychainStorage.swift in Sources */ = {isa = PBXBuildFile; fileRef = DCA23F1825F976650076C4FC /* KeychainStorage.swift */; };
		DCA23F1B25F976650076C4FC /* KeychainStore.swift in Sources */ = {isa = PBXBuildFile; fileRef = DCA23F1925F976650076C4FC /* KeychainStore.swift */; };
		DCA23F5725F977230076C4FC /* APIErrorResponse.swift in Sources */ = {isa = PBXBuildFile; fileRef = DCA23F3B25F977230076C4FC /* APIErrorResponse.swift */; };
		DCA23F5C25F977230076C4FC /* API.swift in Sources */ = {isa = PBXBuildFile; fileRef = DCA23F4025F977230076C4FC /* API.swift */; };
		DCA23F5D25F977230076C4FC /* APIRequest.swift in Sources */ = {isa = PBXBuildFile; fileRef = DCA23F4125F977230076C4FC /* APIRequest.swift */; };
		DCA23F8E25F986D80076C4FC /* RoundedButton.swift in Sources */ = {isa = PBXBuildFile; fileRef = DCA23F8D25F986D70076C4FC /* RoundedButton.swift */; };
		DCA23F9125F9891A0076C4FC /* FormTextField.swift in Sources */ = {isa = PBXBuildFile; fileRef = DCA23F9025F9891A0076C4FC /* FormTextField.swift */; };
		DCA23F9425F998170076C4FC /* Colors.swift in Sources */ = {isa = PBXBuildFile; fileRef = DCA23F9325F998170076C4FC /* Colors.swift */; };
		DCA23FC825FC1C1F0076C4FC /* LiveStreamError.swift in Sources */ = {isa = PBXBuildFile; fileRef = DCA23FC725FC1C1F0076C4FC /* LiveStreamError.swift */; };
		DCA23FD325FD23600076C4FC /* PresentError.swift in Sources */ = {isa = PBXBuildFile; fileRef = DCA23FD225FD23600076C4FC /* PresentError.swift */; };
		DCA2400325FFB0E60076C4FC /* RoomManager.swift in Sources */ = {isa = PBXBuildFile; fileRef = DCA23FEB25FFB0E50076C4FC /* RoomManager.swift */; };
		DCA240382600187E0076C4FC /* ReusableView.swift in Sources */ = {isa = PBXBuildFile; fileRef = DCA240372600187E0076C4FC /* ReusableView.swift */; };
		DCA240492601078D0076C4FC /* LiveStreamManager.swift in Sources */ = {isa = PBXBuildFile; fileRef = DCA240482601078D0076C4FC /* LiveStreamManager.swift */; };
		DCACF3A026605D1B005E9248 /* CircleView.swift in Sources */ = {isa = PBXBuildFile; fileRef = DCACF39F26605D1B005E9248 /* CircleView.swift */; };
		DCADF34027FCF0CE0093A9FE /* TwilioEnvironment.swift in Sources */ = {isa = PBXBuildFile; fileRef = DCADF33F27FCF0CE0093A9FE /* TwilioEnvironment.swift */; };
		DCADF34427FDE6460093A9FE /* GeneralSettingsView.swift in Sources */ = {isa = PBXBuildFile; fileRef = DCADF34327FDE6460093A9FE /* GeneralSettingsView.swift */; };
		DCADF34827FDE6BC0093A9FE /* TitleValueView.swift in Sources */ = {isa = PBXBuildFile; fileRef = DCADF34727FDE6BC0093A9FE /* TitleValueView.swift */; };
		DCADF34B27FDEAB70093A9FE /* GeneralSettingsViewModel.swift in Sources */ = {isa = PBXBuildFile; fileRef = DCADF34A27FDEAB70093A9FE /* GeneralSettingsViewModel.swift */; };
		DCB0724626729BA700FB97BD /* DatadogManager.swift in Sources */ = {isa = PBXBuildFile; fileRef = DCB0724526729BA700FB97BD /* DatadogManager.swift */; };
		DCB0724826729D0A00FB97BD /* PlayerTelemetryLogger.swift in Sources */ = {isa = PBXBuildFile; fileRef = DCB0724726729D0A00FB97BD /* PlayerTelemetryLogger.swift */; };
		DCB3BAAA282C0EF400AF7072 /* Alamofire in Frameworks */ = {isa = PBXBuildFile; productRef = DCB3BAA9282C0EF400AF7072 /* Alamofire */; };
		DCB3BAB4282C106300AF7072 /* AppCenterAnalytics in Frameworks */ = {isa = PBXBuildFile; productRef = DCB3BAB3282C106300AF7072 /* AppCenterAnalytics */; };
		DCB3BAB6282C106300AF7072 /* AppCenterCrashes in Frameworks */ = {isa = PBXBuildFile; productRef = DCB3BAB5282C106300AF7072 /* AppCenterCrashes */; };
		DCB3BAB9282C10CF00AF7072 /* Datadog in Frameworks */ = {isa = PBXBuildFile; productRef = DCB3BAB8282C10CF00AF7072 /* Datadog */; };
		DCB3BABC282C113B00AF7072 /* KeychainAccess in Frameworks */ = {isa = PBXBuildFile; productRef = DCB3BABB282C113B00AF7072 /* KeychainAccess */; };
		DCB3BABF282C116C00AF7072 /* MBProgressHUD in Frameworks */ = {isa = PBXBuildFile; productRef = DCB3BABE282C116C00AF7072 /* MBProgressHUD */; };
		DCB3BAC2282C11C300AF7072 /* TwilioConversationsClient in Frameworks */ = {isa = PBXBuildFile; productRef = DCB3BAC1282C11C300AF7072 /* TwilioConversationsClient */; };
		DCB3BAC5282C120F00AF7072 /* TwilioVideo in Frameworks */ = {isa = PBXBuildFile; productRef = DCB3BAC4282C120F00AF7072 /* TwilioVideo */; };
		DCB3BACB282C143C00AF7072 /* TwilioLivePlayer in Frameworks */ = {isa = PBXBuildFile; productRef = DCB3BACA282C143C00AF7072 /* TwilioLivePlayer */; };
		DCB3BACC282C22ED00AF7072 /* Datadog in Embed Frameworks */ = {isa = PBXBuildFile; productRef = DCB3BAB8282C10CF00AF7072 /* Datadog */; settings = {ATTRIBUTES = (CodeSignOnCopy, ); }; };
		DCBFBEDB262F77B3007F6424 /* PlayerParticipant.swift in Sources */ = {isa = PBXBuildFile; fileRef = DCBFBEDA262F77B3007F6424 /* PlayerParticipant.swift */; };
		DCBFBEDE262F77F1007F6424 /* LiveStreamSpeaker.swift in Sources */ = {isa = PBXBuildFile; fileRef = DCBFBEDD262F77F1007F6424 /* LiveStreamSpeaker.swift */; };
		DCBFBEE1262F7832007F6424 /* RoomParticipant.swift in Sources */ = {isa = PBXBuildFile; fileRef = DCBFBEE0262F7832007F6424 /* RoomParticipant.swift */; };
		DCBFBEF5262FD5D2007F6424 /* RoomMessage.swift in Sources */ = {isa = PBXBuildFile; fileRef = DCBFBEF4262FD5D2007F6424 /* RoomMessage.swift */; };
		DCBFBEF826306A41007F6424 /* LiveStreamSpeakerSource.swift in Sources */ = {isa = PBXBuildFile; fileRef = DCBFBEF726306A41007F6424 /* LiveStreamSpeakerSource.swift */; };
		DCBFBEFC26306ADB007F6424 /* LiveStreamAudience.swift in Sources */ = {isa = PBXBuildFile; fileRef = DCBFBEFB26306ADB007F6424 /* LiveStreamAudience.swift */; };
		DCBFBF0026307133007F6424 /* LiveStreamUserIdentityComponents.swift in Sources */ = {isa = PBXBuildFile; fileRef = DCBFBEFF26307133007F6424 /* LiveStreamUserIdentityComponents.swift */; };
		DCC6898B268636D2005861A4 /* PlayerMetadata.swift in Sources */ = {isa = PBXBuildFile; fileRef = DCC6898A268636D2005861A4 /* PlayerMetadata.swift */; };
		DCCDEDEA261B905A0020A092 /* ConversationMessage.swift in Sources */ = {isa = PBXBuildFile; fileRef = DCCDEDE3261B90590020A092 /* ConversationMessage.swift */; };
		DCCDEDEE261B905A0020A092 /* ConversationManager.swift in Sources */ = {isa = PBXBuildFile; fileRef = DCCDEDE7261B90590020A092 /* ConversationManager.swift */; };
		DCCDEDF5261BD5E50020A092 /* JoinRoomRequest.swift in Sources */ = {isa = PBXBuildFile; fileRef = DCCDEDF4261BD5E50020A092 /* JoinRoomRequest.swift */; };
		DCCDEDF8261BD6C30020A092 /* JoinRoomResponse.swift in Sources */ = {isa = PBXBuildFile; fileRef = DCCDEDF7261BD6C30020A092 /* JoinRoomResponse.swift */; };
		DCCDEDFB261C96490020A092 /* GetRoomsRequest.swift in Sources */ = {isa = PBXBuildFile; fileRef = DCCDEDFA261C96490020A092 /* GetRoomsRequest.swift */; };
		DCCDEDFE261C96AF0020A092 /* GetRoomsResponse.swift in Sources */ = {isa = PBXBuildFile; fileRef = DCCDEDFD261C96AF0020A092 /* GetRoomsResponse.swift */; };
		DCCDEE01261CA0820020A092 /* DeleteRoomRequest.swift in Sources */ = {isa = PBXBuildFile; fileRef = DCCDEE00261CA0820020A092 /* DeleteRoomRequest.swift */; };
		DCCDEE04261CA1020020A092 /* DeleteRoomResponse.swift in Sources */ = {isa = PBXBuildFile; fileRef = DCCDEE03261CA1020020A092 /* DeleteRoomResponse.swift */; };
		DCDE1C8F27FF51EA003FBD12 /* AppSettingsManager.swift in Sources */ = {isa = PBXBuildFile; fileRef = DCDE1C8E27FF51EA003FBD12 /* AppSettingsManager.swift */; };
		DCDE1C9227FF8769003FBD12 /* EnvironmentBadge.swift in Sources */ = {isa = PBXBuildFile; fileRef = DCDE1C9127FF8769003FBD12 /* EnvironmentBadge.swift */; };
		DCEA901F2627B73600969DFF /* LeaveRoomRequest.swift in Sources */ = {isa = PBXBuildFile; fileRef = DCEA901E2627B73600969DFF /* LeaveRoomRequest.swift */; };
		DCEA90222627B7E200969DFF /* LeaveRoomResponse.swift in Sources */ = {isa = PBXBuildFile; fileRef = DCEA90212627B7E200969DFF /* LeaveRoomResponse.swift */; };
		DCF901CB262B68A400983B3A /* ParticipantCell.swift in Sources */ = {isa = PBXBuildFile; fileRef = DCF901C9262B68A400983B3A /* ParticipantCell.swift */; };
		DCF901CC262B68A400983B3A /* ParticipantCell.xib in Resources */ = {isa = PBXBuildFile; fileRef = DCF901CA262B68A400983B3A /* ParticipantCell.xib */; };
		DCF901D1262B7D1E00983B3A /* SpeakersHeaderView.swift in Sources */ = {isa = PBXBuildFile; fileRef = DCF901CF262B7D1E00983B3A /* SpeakersHeaderView.swift */; };
		DCF901D2262B7D1E00983B3A /* SpeakersHeaderView.xib in Resources */ = {isa = PBXBuildFile; fileRef = DCF901D0262B7D1E00983B3A /* SpeakersHeaderView.xib */; };
		DCF901D6262B7EC000983B3A /* AudienceHeaderView.swift in Sources */ = {isa = PBXBuildFile; fileRef = DCF901D4262B7EC000983B3A /* AudienceHeaderView.swift */; };
		DCF901D7262B7EC000983B3A /* AudienceHeaderView.xib in Resources */ = {isa = PBXBuildFile; fileRef = DCF901D5262B7EC000983B3A /* AudienceHeaderView.xib */; };
		DCF901EF262CB94C00983B3A /* ToolbarButton.swift in Sources */ = {isa = PBXBuildFile; fileRef = DCF901EE262CB94C00983B3A /* ToolbarButton.swift */; };
/* End PBXBuildFile section */

/* Begin PBXCopyFilesBuildPhase section */
		DCB3BACD282C22ED00AF7072 /* Embed Frameworks */ = {
			isa = PBXCopyFilesBuildPhase;
			buildActionMask = 2147483647;
			dstPath = "";
			dstSubfolderSpec = 10;
			files = (
				DCB3BACC282C22ED00AF7072 /* Datadog in Embed Frameworks */,
			);
			name = "Embed Frameworks";
			runOnlyForDeploymentPostprocessing = 0;
		};
/* End PBXCopyFilesBuildPhase section */

/* Begin PBXFileReference section */
		DC00B354264DB58E002FA907 /* AppCenterManager.swift */ = {isa = PBXFileReference; lastKnownFileType = sourcecode.swift; path = AppCenterManager.swift; sourceTree = "<group>"; };
		DC00B357264DB66D002FA907 /* Secrets.xcconfig */ = {isa = PBXFileReference; lastKnownFileType = text.xcconfig; path = Secrets.xcconfig; sourceTree = "<group>"; };
		DC00B358264DC43D002FA907 /* Release.xcconfig */ = {isa = PBXFileReference; lastKnownFileType = text.xcconfig; path = Release.xcconfig; sourceTree = "<group>"; };
		DC13E01026094CFA00825137 /* PlayerManager.swift */ = {isa = PBXFileReference; lastKnownFileType = sourcecode.swift; path = PlayerManager.swift; sourceTree = "<group>"; };
		DC3850E22638626C004B9413 /* RemoveSpeakerRequest.swift */ = {isa = PBXFileReference; lastKnownFileType = sourcecode.swift; path = RemoveSpeakerRequest.swift; sourceTree = "<group>"; };
		DC3850E5263862BF004B9413 /* RemoveSpeakerResponse.swift */ = {isa = PBXFileReference; lastKnownFileType = sourcecode.swift; path = RemoveSpeakerResponse.swift; sourceTree = "<group>"; };
		DC5ABA0B260FAD9100FDCED8 /* AppInfoStore.swift */ = {isa = PBXFileReference; lastKnownFileType = sourcecode.swift; path = AppInfoStore.swift; sourceTree = "<group>"; };
		DC604BE72625F858006BB234 /* ConversationParticipant.swift */ = {isa = PBXFileReference; lastKnownFileType = sourcecode.swift; path = ConversationParticipant.swift; sourceTree = "<group>"; };
		DC604BEA2625F9F7006BB234 /* LiveStreamRole.swift */ = {isa = PBXFileReference; lastKnownFileType = sourcecode.swift; path = LiveStreamRole.swift; sourceTree = "<group>"; };
		DC629AFA2605392700777293 /* LiveStreamState.swift */ = {isa = PBXFileReference; lastKnownFileType = sourcecode.swift; path = LiveStreamState.swift; sourceTree = "<group>"; };
		DCA23EDA25F93C580076C4FC /* LiveStream.app */ = {isa = PBXFileReference; explicitFileType = wrapper.application; includeInIndex = 0; path = LiveStream.app; sourceTree = BUILT_PRODUCTS_DIR; };
		DCA23EDD25F93C580076C4FC /* AppDelegate.swift */ = {isa = PBXFileReference; lastKnownFileType = sourcecode.swift; path = AppDelegate.swift; sourceTree = "<group>"; };
		DCA23EDF25F93C580076C4FC /* SceneDelegate.swift */ = {isa = PBXFileReference; lastKnownFileType = sourcecode.swift; path = SceneDelegate.swift; sourceTree = "<group>"; };
		DCA23EE125F93C580076C4FC /* RoomListViewController.swift */ = {isa = PBXFileReference; lastKnownFileType = sourcecode.swift; path = RoomListViewController.swift; sourceTree = "<group>"; };
		DCA23EE425F93C580076C4FC /* Base */ = {isa = PBXFileReference; lastKnownFileType = file.storyboard; name = Base; path = Base.lproj/Main.storyboard; sourceTree = "<group>"; };
		DCA23EE625F93C5D0076C4FC /* Assets.xcassets */ = {isa = PBXFileReference; lastKnownFileType = folder.assetcatalog; path = Assets.xcassets; sourceTree = "<group>"; };
		DCA23EE925F93C5D0076C4FC /* Base */ = {isa = PBXFileReference; lastKnownFileType = file.storyboard; name = Base; path = Base.lproj/LaunchScreen.storyboard; sourceTree = "<group>"; };
		DCA23EEB25F93C5D0076C4FC /* Info.plist */ = {isa = PBXFileReference; lastKnownFileType = text.plist.xml; path = Info.plist; sourceTree = "<group>"; };
		DCA23EF425F9433F0076C4FC /* RoomViewController.swift */ = {isa = PBXFileReference; lastKnownFileType = sourcecode.swift; path = RoomViewController.swift; sourceTree = "<group>"; };
		DCA23EF725F9435D0076C4FC /* SignInViewController.swift */ = {isa = PBXFileReference; lastKnownFileType = sourcecode.swift; path = SignInViewController.swift; sourceTree = "<group>"; };
		DCA23F0525F975F00076C4FC /* AuthStore.swift */ = {isa = PBXFileReference; fileEncoding = 4; lastKnownFileType = sourcecode.swift; path = AuthStore.swift; sourceTree = "<group>"; };
		DCA23F1825F976650076C4FC /* KeychainStorage.swift */ = {isa = PBXFileReference; fileEncoding = 4; lastKnownFileType = sourcecode.swift; path = KeychainStorage.swift; sourceTree = "<group>"; };
		DCA23F1925F976650076C4FC /* KeychainStore.swift */ = {isa = PBXFileReference; fileEncoding = 4; lastKnownFileType = sourcecode.swift; path = KeychainStore.swift; sourceTree = "<group>"; };
		DCA23F3B25F977230076C4FC /* APIErrorResponse.swift */ = {isa = PBXFileReference; fileEncoding = 4; lastKnownFileType = sourcecode.swift; path = APIErrorResponse.swift; sourceTree = "<group>"; };
		DCA23F4025F977230076C4FC /* API.swift */ = {isa = PBXFileReference; fileEncoding = 4; lastKnownFileType = sourcecode.swift; path = API.swift; sourceTree = "<group>"; };
		DCA23F4125F977230076C4FC /* APIRequest.swift */ = {isa = PBXFileReference; fileEncoding = 4; lastKnownFileType = sourcecode.swift; path = APIRequest.swift; sourceTree = "<group>"; };
		DCA23F8D25F986D70076C4FC /* RoundedButton.swift */ = {isa = PBXFileReference; lastKnownFileType = sourcecode.swift; path = RoundedButton.swift; sourceTree = "<group>"; };
		DCA23F9025F9891A0076C4FC /* FormTextField.swift */ = {isa = PBXFileReference; lastKnownFileType = sourcecode.swift; path = FormTextField.swift; sourceTree = "<group>"; };
		DCA23F9325F998170076C4FC /* Colors.swift */ = {isa = PBXFileReference; fileEncoding = 4; lastKnownFileType = sourcecode.swift; path = Colors.swift; sourceTree = "<group>"; };
		DCA23FC725FC1C1F0076C4FC /* LiveStreamError.swift */ = {isa = PBXFileReference; lastKnownFileType = sourcecode.swift; path = LiveStreamError.swift; sourceTree = "<group>"; };
		DCA23FD225FD23600076C4FC /* PresentError.swift */ = {isa = PBXFileReference; lastKnownFileType = sourcecode.swift; path = PresentError.swift; sourceTree = "<group>"; };
		DCA23FEB25FFB0E50076C4FC /* RoomManager.swift */ = {isa = PBXFileReference; fileEncoding = 4; lastKnownFileType = sourcecode.swift; path = RoomManager.swift; sourceTree = "<group>"; };
		DCA240372600187E0076C4FC /* ReusableView.swift */ = {isa = PBXFileReference; lastKnownFileType = sourcecode.swift; path = ReusableView.swift; sourceTree = "<group>"; };
		DCA240482601078D0076C4FC /* LiveStreamManager.swift */ = {isa = PBXFileReference; lastKnownFileType = sourcecode.swift; path = LiveStreamManager.swift; sourceTree = "<group>"; };
		DCACF39F26605D1B005E9248 /* CircleView.swift */ = {isa = PBXFileReference; lastKnownFileType = sourcecode.swift; path = CircleView.swift; sourceTree = "<group>"; };
		DCADF33F27FCF0CE0093A9FE /* TwilioEnvironment.swift */ = {isa = PBXFileReference; lastKnownFileType = sourcecode.swift; path = TwilioEnvironment.swift; sourceTree = "<group>"; };
		DCADF34327FDE6460093A9FE /* GeneralSettingsView.swift */ = {isa = PBXFileReference; lastKnownFileType = sourcecode.swift; path = GeneralSettingsView.swift; sourceTree = "<group>"; };
		DCADF34727FDE6BC0093A9FE /* TitleValueView.swift */ = {isa = PBXFileReference; lastKnownFileType = sourcecode.swift; path = TitleValueView.swift; sourceTree = "<group>"; };
		DCADF34A27FDEAB70093A9FE /* GeneralSettingsViewModel.swift */ = {isa = PBXFileReference; lastKnownFileType = sourcecode.swift; path = GeneralSettingsViewModel.swift; sourceTree = "<group>"; };
		DCB0724526729BA700FB97BD /* DatadogManager.swift */ = {isa = PBXFileReference; lastKnownFileType = sourcecode.swift; path = DatadogManager.swift; sourceTree = "<group>"; };
		DCB0724726729D0A00FB97BD /* PlayerTelemetryLogger.swift */ = {isa = PBXFileReference; lastKnownFileType = sourcecode.swift; path = PlayerTelemetryLogger.swift; sourceTree = "<group>"; };
		DCBFBEDA262F77B3007F6424 /* PlayerParticipant.swift */ = {isa = PBXFileReference; fileEncoding = 4; lastKnownFileType = sourcecode.swift; path = PlayerParticipant.swift; sourceTree = "<group>"; };
		DCBFBEDD262F77F1007F6424 /* LiveStreamSpeaker.swift */ = {isa = PBXFileReference; fileEncoding = 4; lastKnownFileType = sourcecode.swift; path = LiveStreamSpeaker.swift; sourceTree = "<group>"; };
		DCBFBEE0262F7832007F6424 /* RoomParticipant.swift */ = {isa = PBXFileReference; fileEncoding = 4; lastKnownFileType = sourcecode.swift; path = RoomParticipant.swift; sourceTree = "<group>"; };
		DCBFBEF4262FD5D2007F6424 /* RoomMessage.swift */ = {isa = PBXFileReference; lastKnownFileType = sourcecode.swift; path = RoomMessage.swift; sourceTree = "<group>"; };
		DCBFBEF726306A41007F6424 /* LiveStreamSpeakerSource.swift */ = {isa = PBXFileReference; lastKnownFileType = sourcecode.swift; path = LiveStreamSpeakerSource.swift; sourceTree = "<group>"; };
		DCBFBEFB26306ADB007F6424 /* LiveStreamAudience.swift */ = {isa = PBXFileReference; lastKnownFileType = sourcecode.swift; path = LiveStreamAudience.swift; sourceTree = "<group>"; };
		DCBFBEFF26307133007F6424 /* LiveStreamUserIdentityComponents.swift */ = {isa = PBXFileReference; lastKnownFileType = sourcecode.swift; path = LiveStreamUserIdentityComponents.swift; sourceTree = "<group>"; };
		DCC6898A268636D2005861A4 /* PlayerMetadata.swift */ = {isa = PBXFileReference; lastKnownFileType = sourcecode.swift; path = PlayerMetadata.swift; sourceTree = "<group>"; };
		DCCDEDE3261B90590020A092 /* ConversationMessage.swift */ = {isa = PBXFileReference; fileEncoding = 4; lastKnownFileType = sourcecode.swift; path = ConversationMessage.swift; sourceTree = "<group>"; };
		DCCDEDE7261B90590020A092 /* ConversationManager.swift */ = {isa = PBXFileReference; fileEncoding = 4; lastKnownFileType = sourcecode.swift; path = ConversationManager.swift; sourceTree = "<group>"; };
		DCCDEDF4261BD5E50020A092 /* JoinRoomRequest.swift */ = {isa = PBXFileReference; lastKnownFileType = sourcecode.swift; path = JoinRoomRequest.swift; sourceTree = "<group>"; };
		DCCDEDF7261BD6C30020A092 /* JoinRoomResponse.swift */ = {isa = PBXFileReference; lastKnownFileType = sourcecode.swift; path = JoinRoomResponse.swift; sourceTree = "<group>"; };
		DCCDEDFA261C96490020A092 /* GetRoomsRequest.swift */ = {isa = PBXFileReference; lastKnownFileType = sourcecode.swift; path = GetRoomsRequest.swift; sourceTree = "<group>"; };
		DCCDEDFD261C96AF0020A092 /* GetRoomsResponse.swift */ = {isa = PBXFileReference; lastKnownFileType = sourcecode.swift; path = GetRoomsResponse.swift; sourceTree = "<group>"; };
		DCCDEE00261CA0820020A092 /* DeleteRoomRequest.swift */ = {isa = PBXFileReference; lastKnownFileType = sourcecode.swift; path = DeleteRoomRequest.swift; sourceTree = "<group>"; };
		DCCDEE03261CA1020020A092 /* DeleteRoomResponse.swift */ = {isa = PBXFileReference; lastKnownFileType = sourcecode.swift; path = DeleteRoomResponse.swift; sourceTree = "<group>"; };
		DCDE1C8E27FF51EA003FBD12 /* AppSettingsManager.swift */ = {isa = PBXFileReference; lastKnownFileType = sourcecode.swift; path = AppSettingsManager.swift; sourceTree = "<group>"; };
		DCDE1C9127FF8769003FBD12 /* EnvironmentBadge.swift */ = {isa = PBXFileReference; lastKnownFileType = sourcecode.swift; path = EnvironmentBadge.swift; sourceTree = "<group>"; };
		DCEA901E2627B73600969DFF /* LeaveRoomRequest.swift */ = {isa = PBXFileReference; lastKnownFileType = sourcecode.swift; path = LeaveRoomRequest.swift; sourceTree = "<group>"; };
		DCEA90212627B7E200969DFF /* LeaveRoomResponse.swift */ = {isa = PBXFileReference; lastKnownFileType = sourcecode.swift; path = LeaveRoomResponse.swift; sourceTree = "<group>"; };
		DCF901C9262B68A400983B3A /* ParticipantCell.swift */ = {isa = PBXFileReference; lastKnownFileType = sourcecode.swift; path = ParticipantCell.swift; sourceTree = "<group>"; };
		DCF901CA262B68A400983B3A /* ParticipantCell.xib */ = {isa = PBXFileReference; lastKnownFileType = file.xib; path = ParticipantCell.xib; sourceTree = "<group>"; };
		DCF901CF262B7D1E00983B3A /* SpeakersHeaderView.swift */ = {isa = PBXFileReference; lastKnownFileType = sourcecode.swift; path = SpeakersHeaderView.swift; sourceTree = "<group>"; };
		DCF901D0262B7D1E00983B3A /* SpeakersHeaderView.xib */ = {isa = PBXFileReference; lastKnownFileType = file.xib; path = SpeakersHeaderView.xib; sourceTree = "<group>"; };
		DCF901D4262B7EC000983B3A /* AudienceHeaderView.swift */ = {isa = PBXFileReference; lastKnownFileType = sourcecode.swift; path = AudienceHeaderView.swift; sourceTree = "<group>"; };
		DCF901D5262B7EC000983B3A /* AudienceHeaderView.xib */ = {isa = PBXFileReference; lastKnownFileType = file.xib; path = AudienceHeaderView.xib; sourceTree = "<group>"; };
		DCF901EE262CB94C00983B3A /* ToolbarButton.swift */ = {isa = PBXFileReference; lastKnownFileType = sourcecode.swift; path = ToolbarButton.swift; sourceTree = "<group>"; };
/* End PBXFileReference section */

/* Begin PBXFrameworksBuildPhase section */
		DCA23ED725F93C580076C4FC /* Frameworks */ = {
			isa = PBXFrameworksBuildPhase;
			buildActionMask = 2147483647;
			files = (
				DCB3BABF282C116C00AF7072 /* MBProgressHUD in Frameworks */,
				DCB3BAB4282C106300AF7072 /* AppCenterAnalytics in Frameworks */,
				DCB3BAC5282C120F00AF7072 /* TwilioVideo in Frameworks */,
				DCB3BAC2282C11C300AF7072 /* TwilioConversationsClient in Frameworks */,
				DCB3BACB282C143C00AF7072 /* TwilioLivePlayer in Frameworks */,
				DCB3BAB6282C106300AF7072 /* AppCenterCrashes in Frameworks */,
				DCB3BAAA282C0EF400AF7072 /* Alamofire in Frameworks */,
				DCB3BAB9282C10CF00AF7072 /* Datadog in Frameworks */,
				DCB3BABC282C113B00AF7072 /* KeychainAccess in Frameworks */,
			);
			runOnlyForDeploymentPostprocessing = 0;
		};
/* End PBXFrameworksBuildPhase section */

/* Begin PBXGroup section */
		DC00B353264DB576002FA907 /* AppCenter */ = {
			isa = PBXGroup;
			children = (
				DC00B354264DB58E002FA907 /* AppCenterManager.swift */,
			);
			path = AppCenter;
			sourceTree = "<group>";
		};
		DC00B356264DB609002FA907 /* IOSLiveStreamSecrets */ = {
			isa = PBXGroup;
			children = (
				DC00B357264DB66D002FA907 /* Secrets.xcconfig */,
			);
			name = IOSLiveStreamSecrets;
			path = ../../IOSLiveStreamSecrets;
			sourceTree = "<group>";
		};
		DC629AF42605207A00777293 /* Player */ = {
			isa = PBXGroup;
			children = (
				DC13E01026094CFA00825137 /* PlayerManager.swift */,
				DCC6898A268636D2005861A4 /* PlayerMetadata.swift */,
				DCBFBEDA262F77B3007F6424 /* PlayerParticipant.swift */,
				DCB0724726729D0A00FB97BD /* PlayerTelemetryLogger.swift */,
			);
			path = Player;
			sourceTree = "<group>";
		};
		DCA23ED125F93C580076C4FC = {
			isa = PBXGroup;
			children = (
				DCA23EDC25F93C580076C4FC /* LiveStream */,
				DCA23EDB25F93C580076C4FC /* Products */,
			);
			sourceTree = "<group>";
		};
		DCA23EDB25F93C580076C4FC /* Products */ = {
			isa = PBXGroup;
			children = (
				DCA23EDA25F93C580076C4FC /* LiveStream.app */,
			);
			name = Products;
			sourceTree = "<group>";
		};
		DCA23EDC25F93C580076C4FC /* LiveStream */ = {
			isa = PBXGroup;
			children = (
				DCA23F3725F977230076C4FC /* API */,
				DCA23F7B25F97CF20076C4FC /* Helpers */,
				DC00B356264DB609002FA907 /* IOSLiveStreamSecrets */,
				DCA23EFB25F96BC40076C4FC /* Launch */,
				DCA23F0225F975D00076C4FC /* Stores */,
				DCADF34C27FDF1720093A9FE /* SwiftUI */,
				DCA23FE225FFB0E50076C4FC /* Twilio */,
				DCA23F8C25F986C30076C4FC /* Views */,
				DCA23EFD25F96BCF0076C4FC /* ViewControllers */,
				DCA23EFF25F96BDE0076C4FC /* Storyboards */,
				DCA23EE625F93C5D0076C4FC /* Assets.xcassets */,
				DCA23EEB25F93C5D0076C4FC /* Info.plist */,
				DC00B358264DC43D002FA907 /* Release.xcconfig */,
			);
			path = LiveStream;
			sourceTree = "<group>";
		};
		DCA23EFB25F96BC40076C4FC /* Launch */ = {
			isa = PBXGroup;
			children = (
				DCA23EDD25F93C580076C4FC /* AppDelegate.swift */,
				DCA23EDF25F93C580076C4FC /* SceneDelegate.swift */,
			);
			path = Launch;
			sourceTree = "<group>";
		};
		DCA23EFD25F96BCF0076C4FC /* ViewControllers */ = {
			isa = PBXGroup;
			children = (
				DCA23EE125F93C580076C4FC /* RoomListViewController.swift */,
				DCA23EF425F9433F0076C4FC /* RoomViewController.swift */,
				DCA23EF725F9435D0076C4FC /* SignInViewController.swift */,
			);
			path = ViewControllers;
			sourceTree = "<group>";
		};
		DCA23EFF25F96BDE0076C4FC /* Storyboards */ = {
			isa = PBXGroup;
			children = (
				DCA23EE825F93C5D0076C4FC /* LaunchScreen.storyboard */,
				DCA23EE325F93C580076C4FC /* Main.storyboard */,
			);
			path = Storyboards;
			sourceTree = "<group>";
		};
		DCA23F0225F975D00076C4FC /* Stores */ = {
			isa = PBXGroup;
			children = (
				DC00B353264DB576002FA907 /* AppCenter */,
				DCCDED94261141210020A092 /* AppInfo */,
				DCDE1C8D27FF51D4003FBD12 /* AppSettings */,
				DCA23F0325F975F00076C4FC /* Auth */,
				DCB0724426729B9500FB97BD /* Datadog */,
				DCA23F1725F976650076C4FC /* Keychain */,
			);
			path = Stores;
			sourceTree = "<group>";
		};
		DCA23F0325F975F00076C4FC /* Auth */ = {
			isa = PBXGroup;
			children = (
				DCA23F0525F975F00076C4FC /* AuthStore.swift */,
			);
			path = Auth;
			sourceTree = "<group>";
		};
		DCA23F1725F976650076C4FC /* Keychain */ = {
			isa = PBXGroup;
			children = (
				DCA23F1825F976650076C4FC /* KeychainStorage.swift */,
				DCA23F1925F976650076C4FC /* KeychainStore.swift */,
			);
			path = Keychain;
			sourceTree = "<group>";
		};
		DCA23F3725F977230076C4FC /* API */ = {
			isa = PBXGroup;
			children = (
				DCA23F3825F977230076C4FC /* Core */,
				DCA23F4625F977230076C4FC /* Requests */,
				DCA23F4425F977230076C4FC /* Responses */,
			);
			path = API;
			sourceTree = "<group>";
		};
		DCA23F3825F977230076C4FC /* Core */ = {
			isa = PBXGroup;
			children = (
				DCA23F4025F977230076C4FC /* API.swift */,
				DCA23F3B25F977230076C4FC /* APIErrorResponse.swift */,
				DCA23F4125F977230076C4FC /* APIRequest.swift */,
			);
			path = Core;
			sourceTree = "<group>";
		};
		DCA23F4425F977230076C4FC /* Responses */ = {
			isa = PBXGroup;
			children = (
				DCCDEE03261CA1020020A092 /* DeleteRoomResponse.swift */,
				DCCDEDFD261C96AF0020A092 /* GetRoomsResponse.swift */,
				DCCDEDF7261BD6C30020A092 /* JoinRoomResponse.swift */,
				DCEA90212627B7E200969DFF /* LeaveRoomResponse.swift */,
				DC3850E5263862BF004B9413 /* RemoveSpeakerResponse.swift */,
			);
			path = Responses;
			sourceTree = "<group>";
		};
		DCA23F4625F977230076C4FC /* Requests */ = {
			isa = PBXGroup;
			children = (
				DCCDEE00261CA0820020A092 /* DeleteRoomRequest.swift */,
				DCCDEDFA261C96490020A092 /* GetRoomsRequest.swift */,
				DCCDEDF4261BD5E50020A092 /* JoinRoomRequest.swift */,
				DCEA901E2627B73600969DFF /* LeaveRoomRequest.swift */,
				DC3850E22638626C004B9413 /* RemoveSpeakerRequest.swift */,
			);
			path = Requests;
			sourceTree = "<group>";
		};
		DCA23F7B25F97CF20076C4FC /* Helpers */ = {
			isa = PBXGroup;
			children = (
				DCA23F9325F998170076C4FC /* Colors.swift */,
				DCA23FC725FC1C1F0076C4FC /* LiveStreamError.swift */,
				DCA23FD225FD23600076C4FC /* PresentError.swift */,
				DCA240372600187E0076C4FC /* ReusableView.swift */,
			);
			path = Helpers;
			sourceTree = "<group>";
		};
		DCA23F8C25F986C30076C4FC /* Views */ = {
			isa = PBXGroup;
			children = (
				DCF901E4262C9D7E00983B3A /* AudienceHeaderView */,
				DCACF39E26605CB7005E9248 /* CircleView */,
				DCDE1C9027FF873D003FBD12 /* EnvironmentBadge */,
				DCF901DD262C9D3400983B3A /* FormTextField */,
				DCF901DF262C9D4700983B3A /* ParticipantCell */,
				DCF901E8262C9DA200983B3A /* RoundedButton */,
				DCF901E2262C9D7000983B3A /* SpeakersHeaderView */,
				DCF901F1262CB95100983B3A /* ToolbarButton */,
			);
			path = Views;
			sourceTree = "<group>";
		};
		DCA23FE225FFB0E50076C4FC /* Twilio */ = {
			isa = PBXGroup;
			children = (
				DCCDEDE1261B90440020A092 /* Conversation */,
				DCA240472601063F0076C4FC /* LiveStream */,
				DC629AF42605207A00777293 /* Player */,
				DCA23FE325FFB0E50076C4FC /* Room */,
			);
			path = Twilio;
			sourceTree = "<group>";
		};
		DCA23FE325FFB0E50076C4FC /* Room */ = {
			isa = PBXGroup;
			children = (
				DCA23FEB25FFB0E50076C4FC /* RoomManager.swift */,
				DCBFBEF4262FD5D2007F6424 /* RoomMessage.swift */,
				DCBFBEE0262F7832007F6424 /* RoomParticipant.swift */,
			);
			path = Room;
			sourceTree = "<group>";
		};
		DCA240472601063F0076C4FC /* LiveStream */ = {
			isa = PBXGroup;
			children = (
				DCBFBEFB26306ADB007F6424 /* LiveStreamAudience.swift */,
				DCA240482601078D0076C4FC /* LiveStreamManager.swift */,
				DC604BEA2625F9F7006BB234 /* LiveStreamRole.swift */,
				DCBFBEDD262F77F1007F6424 /* LiveStreamSpeaker.swift */,
				DCBFBEF726306A41007F6424 /* LiveStreamSpeakerSource.swift */,
				DC629AFA2605392700777293 /* LiveStreamState.swift */,
				DCBFBEFF26307133007F6424 /* LiveStreamUserIdentityComponents.swift */,
			);
			path = LiveStream;
			sourceTree = "<group>";
		};
		DCACF39E26605CB7005E9248 /* CircleView */ = {
			isa = PBXGroup;
			children = (
				DCACF39F26605D1B005E9248 /* CircleView.swift */,
			);
			path = CircleView;
			sourceTree = "<group>";
		};
		DCADF34927FDE6D70093A9FE /* Settings */ = {
			isa = PBXGroup;
			children = (
				DCADF34327FDE6460093A9FE /* GeneralSettingsView.swift */,
				DCADF34A27FDEAB70093A9FE /* GeneralSettingsViewModel.swift */,
				DCADF34727FDE6BC0093A9FE /* TitleValueView.swift */,
			);
			path = Settings;
			sourceTree = "<group>";
		};
		DCADF34C27FDF1720093A9FE /* SwiftUI */ = {
			isa = PBXGroup;
			children = (
				DCADF34927FDE6D70093A9FE /* Settings */,
			);
			path = SwiftUI;
			sourceTree = "<group>";
		};
		DCB0724426729B9500FB97BD /* Datadog */ = {
			isa = PBXGroup;
			children = (
				DCB0724526729BA700FB97BD /* DatadogManager.swift */,
			);
			path = Datadog;
			sourceTree = "<group>";
		};
		DCCDED94261141210020A092 /* AppInfo */ = {
			isa = PBXGroup;
			children = (
				DC5ABA0B260FAD9100FDCED8 /* AppInfoStore.swift */,
			);
			path = AppInfo;
			sourceTree = "<group>";
		};
		DCCDEDE1261B90440020A092 /* Conversation */ = {
			isa = PBXGroup;
			children = (
				DCCDEDE7261B90590020A092 /* ConversationManager.swift */,
				DCCDEDE3261B90590020A092 /* ConversationMessage.swift */,
				DC604BE72625F858006BB234 /* ConversationParticipant.swift */,
			);
			path = Conversation;
			sourceTree = "<group>";
		};
		DCDE1C8D27FF51D4003FBD12 /* AppSettings */ = {
			isa = PBXGroup;
			children = (
				DCDE1C8E27FF51EA003FBD12 /* AppSettingsManager.swift */,
				DCADF33F27FCF0CE0093A9FE /* TwilioEnvironment.swift */,
			);
			path = AppSettings;
			sourceTree = "<group>";
		};
		DCDE1C9027FF873D003FBD12 /* EnvironmentBadge */ = {
			isa = PBXGroup;
			children = (
				DCDE1C9127FF8769003FBD12 /* EnvironmentBadge.swift */,
			);
			path = EnvironmentBadge;
			sourceTree = "<group>";
		};
		DCF901DD262C9D3400983B3A /* FormTextField */ = {
			isa = PBXGroup;
			children = (
				DCA23F9025F9891A0076C4FC /* FormTextField.swift */,
			);
			path = FormTextField;
			sourceTree = "<group>";
		};
		DCF901DF262C9D4700983B3A /* ParticipantCell */ = {
			isa = PBXGroup;
			children = (
				DCF901C9262B68A400983B3A /* ParticipantCell.swift */,
				DCF901CA262B68A400983B3A /* ParticipantCell.xib */,
			);
			path = ParticipantCell;
			sourceTree = "<group>";
		};
		DCF901E2262C9D7000983B3A /* SpeakersHeaderView */ = {
			isa = PBXGroup;
			children = (
				DCF901CF262B7D1E00983B3A /* SpeakersHeaderView.swift */,
				DCF901D0262B7D1E00983B3A /* SpeakersHeaderView.xib */,
			);
			path = SpeakersHeaderView;
			sourceTree = "<group>";
		};
		DCF901E4262C9D7E00983B3A /* AudienceHeaderView */ = {
			isa = PBXGroup;
			children = (
				DCF901D4262B7EC000983B3A /* AudienceHeaderView.swift */,
				DCF901D5262B7EC000983B3A /* AudienceHeaderView.xib */,
			);
			path = AudienceHeaderView;
			sourceTree = "<group>";
		};
		DCF901E8262C9DA200983B3A /* RoundedButton */ = {
			isa = PBXGroup;
			children = (
				DCA23F8D25F986D70076C4FC /* RoundedButton.swift */,
			);
			path = RoundedButton;
			sourceTree = "<group>";
		};
		DCF901F1262CB95100983B3A /* ToolbarButton */ = {
			isa = PBXGroup;
			children = (
				DCF901EE262CB94C00983B3A /* ToolbarButton.swift */,
			);
			path = ToolbarButton;
			sourceTree = "<group>";
		};
/* End PBXGroup section */

/* Begin PBXNativeTarget section */
		DCA23ED925F93C580076C4FC /* LiveStream */ = {
			isa = PBXNativeTarget;
			buildConfigurationList = DCA23EEE25F93C5D0076C4FC /* Build configuration list for PBXNativeTarget "LiveStream" */;
			buildPhases = (
				DCA23ED625F93C580076C4FC /* Sources */,
				DCA23ED725F93C580076C4FC /* Frameworks */,
				DCA23ED825F93C580076C4FC /* Resources */,
				DCB3BACD282C22ED00AF7072 /* Embed Frameworks */,
			);
			buildRules = (
			);
			dependencies = (
			);
			name = LiveStream;
			packageProductDependencies = (
				DCB3BAA9282C0EF400AF7072 /* Alamofire */,
				DCB3BAB3282C106300AF7072 /* AppCenterAnalytics */,
				DCB3BAB5282C106300AF7072 /* AppCenterCrashes */,
				DCB3BAB8282C10CF00AF7072 /* Datadog */,
				DCB3BABB282C113B00AF7072 /* KeychainAccess */,
				DCB3BABE282C116C00AF7072 /* MBProgressHUD */,
				DCB3BAC1282C11C300AF7072 /* TwilioConversationsClient */,
				DCB3BAC4282C120F00AF7072 /* TwilioVideo */,
				DCB3BACA282C143C00AF7072 /* TwilioLivePlayer */,
			);
			productName = LiveStream;
			productReference = DCA23EDA25F93C580076C4FC /* LiveStream.app */;
			productType = "com.apple.product-type.application";
		};
/* End PBXNativeTarget section */

/* Begin PBXProject section */
		DCA23ED225F93C580076C4FC /* Project object */ = {
			isa = PBXProject;
			attributes = {
				LastSwiftUpdateCheck = 1240;
				LastUpgradeCheck = 1240;
				TargetAttributes = {
					DCA23ED925F93C580076C4FC = {
						CreatedOnToolsVersion = 12.4;
					};
				};
			};
			buildConfigurationList = DCA23ED525F93C580076C4FC /* Build configuration list for PBXProject "LiveStream" */;
			compatibilityVersion = "Xcode 9.3";
			developmentRegion = en;
			hasScannedForEncodings = 0;
			knownRegions = (
				en,
				Base,
			);
			mainGroup = DCA23ED125F93C580076C4FC;
			packageReferences = (
				DCB3BAA8282C0EF400AF7072 /* XCRemoteSwiftPackageReference "Alamofire" */,
				DCB3BAB2282C106300AF7072 /* XCRemoteSwiftPackageReference "appcenter-sdk-apple" */,
				DCB3BAB7282C10CF00AF7072 /* XCRemoteSwiftPackageReference "dd-sdk-ios" */,
				DCB3BABA282C113B00AF7072 /* XCRemoteSwiftPackageReference "KeychainAccess" */,
				DCB3BABD282C116C00AF7072 /* XCRemoteSwiftPackageReference "MBProgressHUD" */,
				DCB3BAC0282C11C300AF7072 /* XCRemoteSwiftPackageReference "conversations-ios" */,
				DCB3BAC3282C120F00AF7072 /* XCRemoteSwiftPackageReference "twilio-video-ios" */,
				DCB3BAC9282C143C00AF7072 /* XCRemoteSwiftPackageReference "twilio-live-player-ios" */,
			);
			productRefGroup = DCA23EDB25F93C580076C4FC /* Products */;
			projectDirPath = "";
			projectRoot = "";
			targets = (
				DCA23ED925F93C580076C4FC /* LiveStream */,
			);
		};
/* End PBXProject section */

/* Begin PBXResourcesBuildPhase section */
		DCA23ED825F93C580076C4FC /* Resources */ = {
			isa = PBXResourcesBuildPhase;
			buildActionMask = 2147483647;
			files = (
				DCF901D2262B7D1E00983B3A /* SpeakersHeaderView.xib in Resources */,
				DCA23EEA25F93C5D0076C4FC /* LaunchScreen.storyboard in Resources */,
				DCA23EE725F93C5D0076C4FC /* Assets.xcassets in Resources */,
				DCF901CC262B68A400983B3A /* ParticipantCell.xib in Resources */,
				DCA23EE525F93C580076C4FC /* Main.storyboard in Resources */,
				DCF901D7262B7EC000983B3A /* AudienceHeaderView.xib in Resources */,
			);
			runOnlyForDeploymentPostprocessing = 0;
		};
/* End PBXResourcesBuildPhase section */

/* Begin PBXSourcesBuildPhase section */
		DCA23ED625F93C580076C4FC /* Sources */ = {
			isa = PBXSourcesBuildPhase;
			buildActionMask = 2147483647;
			files = (
				DCBFBF0026307133007F6424 /* LiveStreamUserIdentityComponents.swift in Sources */,
				DC629AFB2605392700777293 /* LiveStreamState.swift in Sources */,
				DCF901D1262B7D1E00983B3A /* SpeakersHeaderView.swift in Sources */,
				DCA23FC825FC1C1F0076C4FC /* LiveStreamError.swift in Sources */,
				DCACF3A026605D1B005E9248 /* CircleView.swift in Sources */,
				DCADF34827FDE6BC0093A9FE /* TitleValueView.swift in Sources */,
				DC604BE82625F858006BB234 /* ConversationParticipant.swift in Sources */,
				DC3850E32638626C004B9413 /* RemoveSpeakerRequest.swift in Sources */,
				DCF901D6262B7EC000983B3A /* AudienceHeaderView.swift in Sources */,
				DCA23F1B25F976650076C4FC /* KeychainStore.swift in Sources */,
				DC00B355264DB58E002FA907 /* AppCenterManager.swift in Sources */,
				DC3850E6263862BF004B9413 /* RemoveSpeakerResponse.swift in Sources */,
				DCBFBEF826306A41007F6424 /* LiveStreamSpeakerSource.swift in Sources */,
				DC13E01126094CFA00825137 /* PlayerManager.swift in Sources */,
				DCA23F5D25F977230076C4FC /* APIRequest.swift in Sources */,
				DCADF34427FDE6460093A9FE /* GeneralSettingsView.swift in Sources */,
				DC5ABA0C260FAD9100FDCED8 /* AppInfoStore.swift in Sources */,
				DCDE1C9227FF8769003FBD12 /* EnvironmentBadge.swift in Sources */,
				DCA23F8E25F986D80076C4FC /* RoundedButton.swift in Sources */,
				DCB0724826729D0A00FB97BD /* PlayerTelemetryLogger.swift in Sources */,
				DCF901EF262CB94C00983B3A /* ToolbarButton.swift in Sources */,
				DCBFBEDB262F77B3007F6424 /* PlayerParticipant.swift in Sources */,
				DCA23F5725F977230076C4FC /* APIErrorResponse.swift in Sources */,
				DCCDEDFB261C96490020A092 /* GetRoomsRequest.swift in Sources */,
				DCA23F0E25F975F00076C4FC /* AuthStore.swift in Sources */,
				DCCDEDF5261BD5E50020A092 /* JoinRoomRequest.swift in Sources */,
				DCA2400325FFB0E60076C4FC /* RoomManager.swift in Sources */,
				DCA23EE225F93C580076C4FC /* RoomListViewController.swift in Sources */,
				DCCDEDEE261B905A0020A092 /* ConversationManager.swift in Sources */,
				DCBFBEDE262F77F1007F6424 /* LiveStreamSpeaker.swift in Sources */,
				DCEA901F2627B73600969DFF /* LeaveRoomRequest.swift in Sources */,
				DCC6898B268636D2005861A4 /* PlayerMetadata.swift in Sources */,
				DCA240492601078D0076C4FC /* LiveStreamManager.swift in Sources */,
				DCA23F1A25F976650076C4FC /* KeychainStorage.swift in Sources */,
				DCA23EDE25F93C580076C4FC /* AppDelegate.swift in Sources */,
				DCADF34027FCF0CE0093A9FE /* TwilioEnvironment.swift in Sources */,
				DCBFBEFC26306ADB007F6424 /* LiveStreamAudience.swift in Sources */,
				DCCDEDFE261C96AF0020A092 /* GetRoomsResponse.swift in Sources */,
				DCEA90222627B7E200969DFF /* LeaveRoomResponse.swift in Sources */,
				DCDE1C8F27FF51EA003FBD12 /* AppSettingsManager.swift in Sources */,
				DCA23FD325FD23600076C4FC /* PresentError.swift in Sources */,
				DC604BEB2625F9F7006BB234 /* LiveStreamRole.swift in Sources */,
				DCADF34B27FDEAB70093A9FE /* GeneralSettingsViewModel.swift in Sources */,
				DCA23F9125F9891A0076C4FC /* FormTextField.swift in Sources */,
				DCCDEDF8261BD6C30020A092 /* JoinRoomResponse.swift in Sources */,
				DCF901CB262B68A400983B3A /* ParticipantCell.swift in Sources */,
				DCCDEE01261CA0820020A092 /* DeleteRoomRequest.swift in Sources */,
				DCCDEE04261CA1020020A092 /* DeleteRoomResponse.swift in Sources */,
				DCA23EE025F93C580076C4FC /* SceneDelegate.swift in Sources */,
				DCCDEDEA261B905A0020A092 /* ConversationMessage.swift in Sources */,
				DCA23F9425F998170076C4FC /* Colors.swift in Sources */,
				DCB0724626729BA700FB97BD /* DatadogManager.swift in Sources */,
				DCA240382600187E0076C4FC /* ReusableView.swift in Sources */,
				DCA23EF825F9435D0076C4FC /* SignInViewController.swift in Sources */,
				DCA23EF525F9433F0076C4FC /* RoomViewController.swift in Sources */,
				DCA23F5C25F977230076C4FC /* API.swift in Sources */,
				DCBFBEF5262FD5D2007F6424 /* RoomMessage.swift in Sources */,
				DCBFBEE1262F7832007F6424 /* RoomParticipant.swift in Sources */,
			);
			runOnlyForDeploymentPostprocessing = 0;
		};
/* End PBXSourcesBuildPhase section */

/* Begin PBXVariantGroup section */
		DCA23EE325F93C580076C4FC /* Main.storyboard */ = {
			isa = PBXVariantGroup;
			children = (
				DCA23EE425F93C580076C4FC /* Base */,
			);
			name = Main.storyboard;
			sourceTree = "<group>";
		};
		DCA23EE825F93C5D0076C4FC /* LaunchScreen.storyboard */ = {
			isa = PBXVariantGroup;
			children = (
				DCA23EE925F93C5D0076C4FC /* Base */,
			);
			name = LaunchScreen.storyboard;
			sourceTree = "<group>";
		};
/* End PBXVariantGroup section */

/* Begin XCBuildConfiguration section */
		DCA23EEC25F93C5D0076C4FC /* Debug */ = {
			isa = XCBuildConfiguration;
			buildSettings = {
				ALWAYS_SEARCH_USER_PATHS = NO;
				CLANG_ANALYZER_NONNULL = YES;
				CLANG_ANALYZER_NUMBER_OBJECT_CONVERSION = YES_AGGRESSIVE;
				CLANG_CXX_LANGUAGE_STANDARD = "gnu++14";
				CLANG_CXX_LIBRARY = "libc++";
				CLANG_ENABLE_MODULES = YES;
				CLANG_ENABLE_OBJC_ARC = YES;
				CLANG_ENABLE_OBJC_WEAK = YES;
				CLANG_WARN_BLOCK_CAPTURE_AUTORELEASING = YES;
				CLANG_WARN_BOOL_CONVERSION = YES;
				CLANG_WARN_COMMA = YES;
				CLANG_WARN_CONSTANT_CONVERSION = YES;
				CLANG_WARN_DEPRECATED_OBJC_IMPLEMENTATIONS = YES;
				CLANG_WARN_DIRECT_OBJC_ISA_USAGE = YES_ERROR;
				CLANG_WARN_DOCUMENTATION_COMMENTS = YES;
				CLANG_WARN_EMPTY_BODY = YES;
				CLANG_WARN_ENUM_CONVERSION = YES;
				CLANG_WARN_INFINITE_RECURSION = YES;
				CLANG_WARN_INT_CONVERSION = YES;
				CLANG_WARN_NON_LITERAL_NULL_CONVERSION = YES;
				CLANG_WARN_OBJC_IMPLICIT_RETAIN_SELF = YES;
				CLANG_WARN_OBJC_LITERAL_CONVERSION = YES;
				CLANG_WARN_OBJC_ROOT_CLASS = YES_ERROR;
				CLANG_WARN_QUOTED_INCLUDE_IN_FRAMEWORK_HEADER = YES;
				CLANG_WARN_RANGE_LOOP_ANALYSIS = YES;
				CLANG_WARN_STRICT_PROTOTYPES = YES;
				CLANG_WARN_SUSPICIOUS_MOVE = YES;
				CLANG_WARN_UNGUARDED_AVAILABILITY = YES_AGGRESSIVE;
				CLANG_WARN_UNREACHABLE_CODE = YES;
				CLANG_WARN__DUPLICATE_METHOD_MATCH = YES;
				COPY_PHASE_STRIP = NO;
				DEBUG_INFORMATION_FORMAT = dwarf;
				ENABLE_STRICT_OBJC_MSGSEND = YES;
				ENABLE_TESTABILITY = YES;
				GCC_C_LANGUAGE_STANDARD = gnu11;
				GCC_DYNAMIC_NO_PIC = NO;
				GCC_NO_COMMON_BLOCKS = YES;
				GCC_OPTIMIZATION_LEVEL = 0;
				GCC_PREPROCESSOR_DEFINITIONS = (
					"DEBUG=1",
					"$(inherited)",
				);
				GCC_WARN_64_TO_32_BIT_CONVERSION = YES;
				GCC_WARN_ABOUT_RETURN_TYPE = YES_ERROR;
				GCC_WARN_UNDECLARED_SELECTOR = YES;
				GCC_WARN_UNINITIALIZED_AUTOS = YES_AGGRESSIVE;
				GCC_WARN_UNUSED_FUNCTION = YES;
				GCC_WARN_UNUSED_VARIABLE = YES;
				IPHONEOS_DEPLOYMENT_TARGET = 14.5;
				MTL_ENABLE_DEBUG_INFO = INCLUDE_SOURCE;
				MTL_FAST_MATH = YES;
				ONLY_ACTIVE_ARCH = YES;
				SDKROOT = iphoneos;
				SWIFT_ACTIVE_COMPILATION_CONDITIONS = DEBUG;
				SWIFT_OPTIMIZATION_LEVEL = "-Onone";
			};
			name = Debug;
		};
		DCA23EED25F93C5D0076C4FC /* Release */ = {
			isa = XCBuildConfiguration;
			buildSettings = {
				ALWAYS_SEARCH_USER_PATHS = NO;
				CLANG_ANALYZER_NONNULL = YES;
				CLANG_ANALYZER_NUMBER_OBJECT_CONVERSION = YES_AGGRESSIVE;
				CLANG_CXX_LANGUAGE_STANDARD = "gnu++14";
				CLANG_CXX_LIBRARY = "libc++";
				CLANG_ENABLE_MODULES = YES;
				CLANG_ENABLE_OBJC_ARC = YES;
				CLANG_ENABLE_OBJC_WEAK = YES;
				CLANG_WARN_BLOCK_CAPTURE_AUTORELEASING = YES;
				CLANG_WARN_BOOL_CONVERSION = YES;
				CLANG_WARN_COMMA = YES;
				CLANG_WARN_CONSTANT_CONVERSION = YES;
				CLANG_WARN_DEPRECATED_OBJC_IMPLEMENTATIONS = YES;
				CLANG_WARN_DIRECT_OBJC_ISA_USAGE = YES_ERROR;
				CLANG_WARN_DOCUMENTATION_COMMENTS = YES;
				CLANG_WARN_EMPTY_BODY = YES;
				CLANG_WARN_ENUM_CONVERSION = YES;
				CLANG_WARN_INFINITE_RECURSION = YES;
				CLANG_WARN_INT_CONVERSION = YES;
				CLANG_WARN_NON_LITERAL_NULL_CONVERSION = YES;
				CLANG_WARN_OBJC_IMPLICIT_RETAIN_SELF = YES;
				CLANG_WARN_OBJC_LITERAL_CONVERSION = YES;
				CLANG_WARN_OBJC_ROOT_CLASS = YES_ERROR;
				CLANG_WARN_QUOTED_INCLUDE_IN_FRAMEWORK_HEADER = YES;
				CLANG_WARN_RANGE_LOOP_ANALYSIS = YES;
				CLANG_WARN_STRICT_PROTOTYPES = YES;
				CLANG_WARN_SUSPICIOUS_MOVE = YES;
				CLANG_WARN_UNGUARDED_AVAILABILITY = YES_AGGRESSIVE;
				CLANG_WARN_UNREACHABLE_CODE = YES;
				CLANG_WARN__DUPLICATE_METHOD_MATCH = YES;
				COPY_PHASE_STRIP = NO;
				DEBUG_INFORMATION_FORMAT = "dwarf-with-dsym";
				ENABLE_NS_ASSERTIONS = NO;
				ENABLE_STRICT_OBJC_MSGSEND = YES;
				GCC_C_LANGUAGE_STANDARD = gnu11;
				GCC_NO_COMMON_BLOCKS = YES;
				GCC_WARN_64_TO_32_BIT_CONVERSION = YES;
				GCC_WARN_ABOUT_RETURN_TYPE = YES_ERROR;
				GCC_WARN_UNDECLARED_SELECTOR = YES;
				GCC_WARN_UNINITIALIZED_AUTOS = YES_AGGRESSIVE;
				GCC_WARN_UNUSED_FUNCTION = YES;
				GCC_WARN_UNUSED_VARIABLE = YES;
				IPHONEOS_DEPLOYMENT_TARGET = 14.5;
				MTL_ENABLE_DEBUG_INFO = NO;
				MTL_FAST_MATH = YES;
				SDKROOT = iphoneos;
				SWIFT_COMPILATION_MODE = wholemodule;
				SWIFT_OPTIMIZATION_LEVEL = "-O";
				VALIDATE_PRODUCT = YES;
			};
			name = Release;
		};
		DCA23EEF25F93C5D0076C4FC /* Debug */ = {
			isa = XCBuildConfiguration;
			buildSettings = {
				ASSETCATALOG_COMPILER_APPICON_NAME = AppIcon;
				ASSETCATALOG_COMPILER_GLOBAL_ACCENT_COLOR_NAME = AccentColor;
				CODE_SIGN_IDENTITY = "iPhone Developer";
				CODE_SIGN_STYLE = Manual;
				CURRENT_PROJECT_VERSION = 12;
				DEVELOPMENT_TEAM = SX5J6BN2KX;
				ENABLE_BITCODE = NO;
				FRAMEWORK_SEARCH_PATHS = (
					"$(inherited)",
					"\"${PODS_CONFIGURATION_BUILD_DIR}/Alamofire\"",
					"\"${PODS_CONFIGURATION_BUILD_DIR}/KeychainAccess\"",
					"\"${PODS_CONFIGURATION_BUILD_DIR}/SVProgressHUD\"",
					"\"${PODS_CONFIGURATION_BUILD_DIR}/SwiftyUserDefaults\"",
					"\"${PODS_ROOT}/TwilioVideo\"",
					"\"${PODS_XCFRAMEWORKS_BUILD_DIR}/TwilioVideo\"",
				);
				INFOPLIST_FILE = LiveStream/Info.plist;
				IPHONEOS_DEPLOYMENT_TARGET = 14.5;
				LD_RUNPATH_SEARCH_PATHS = (
					"$(inherited)",
					"@executable_path/Frameworks",
				);
				MARKETING_VERSION = 0.1.0;
				PRODUCT_BUNDLE_IDENTIFIER = com.twilio.LiveStream;
				PRODUCT_NAME = "$(TARGET_NAME)";
				PROVISIONING_PROFILE_SPECIFIER = "match Development com.twilio.LiveStream";
				SWIFT_VERSION = 5.0;
				TARGETED_DEVICE_FAMILY = 1;
			};
			name = Debug;
		};
		DCA23EF025F93C5D0076C4FC /* Release */ = {
			isa = XCBuildConfiguration;
			baseConfigurationReference = DC00B358264DC43D002FA907 /* Release.xcconfig */;
			buildSettings = {
				ASSETCATALOG_COMPILER_APPICON_NAME = AppIcon;
				ASSETCATALOG_COMPILER_GLOBAL_ACCENT_COLOR_NAME = AccentColor;
				CODE_SIGN_IDENTITY = "iPhone Developer";
				CODE_SIGN_STYLE = Manual;
				CURRENT_PROJECT_VERSION = 12;
				DEVELOPMENT_TEAM = SX5J6BN2KX;
				ENABLE_BITCODE = NO;
				FRAMEWORK_SEARCH_PATHS = (
					"$(inherited)",
					"\"${PODS_CONFIGURATION_BUILD_DIR}/Alamofire\"",
					"\"${PODS_CONFIGURATION_BUILD_DIR}/KeychainAccess\"",
					"\"${PODS_CONFIGURATION_BUILD_DIR}/SVProgressHUD\"",
					"\"${PODS_CONFIGURATION_BUILD_DIR}/SwiftyUserDefaults\"",
					"\"${PODS_ROOT}/AmazonIVSPlayer\"",
					"\"${PODS_ROOT}/TwilioVideo\"",
					"\"${PODS_XCFRAMEWORKS_BUILD_DIR}/AmazonIVSPlayer\"",
					"\"${PODS_XCFRAMEWORKS_BUILD_DIR}/TwilioVideo\"",
				);
				INFOPLIST_FILE = LiveStream/Info.plist;
				IPHONEOS_DEPLOYMENT_TARGET = 14.5;
				LD_RUNPATH_SEARCH_PATHS = (
					"$(inherited)",
					"@executable_path/Frameworks",
				);
				MARKETING_VERSION = 0.1.0;
				PRODUCT_BUNDLE_IDENTIFIER = com.twilio.LiveStream;
				PRODUCT_NAME = "$(TARGET_NAME)";
				PROVISIONING_PROFILE_SPECIFIER = "match Development com.twilio.LiveStream";
				SWIFT_VERSION = 5.0;
				TARGETED_DEVICE_FAMILY = 1;
			};
			name = Release;
		};
/* End XCBuildConfiguration section */

/* Begin XCConfigurationList section */
		DCA23ED525F93C580076C4FC /* Build configuration list for PBXProject "LiveStream" */ = {
			isa = XCConfigurationList;
			buildConfigurations = (
				DCA23EEC25F93C5D0076C4FC /* Debug */,
				DCA23EED25F93C5D0076C4FC /* Release */,
			);
			defaultConfigurationIsVisible = 0;
			defaultConfigurationName = Release;
		};
		DCA23EEE25F93C5D0076C4FC /* Build configuration list for PBXNativeTarget "LiveStream" */ = {
			isa = XCConfigurationList;
			buildConfigurations = (
				DCA23EEF25F93C5D0076C4FC /* Debug */,
				DCA23EF025F93C5D0076C4FC /* Release */,
			);
			defaultConfigurationIsVisible = 0;
			defaultConfigurationName = Release;
		};
/* End XCConfigurationList section */

/* Begin XCRemoteSwiftPackageReference section */
		DCB3BAA8282C0EF400AF7072 /* XCRemoteSwiftPackageReference "Alamofire" */ = {
			isa = XCRemoteSwiftPackageReference;
			repositoryURL = "https://github.com/Alamofire/Alamofire";
			requirement = {
				kind = upToNextMajorVersion;
				minimumVersion = 5.0.0;
			};
		};
		DCB3BAB2282C106300AF7072 /* XCRemoteSwiftPackageReference "appcenter-sdk-apple" */ = {
			isa = XCRemoteSwiftPackageReference;
			repositoryURL = "https://github.com/microsoft/appcenter-sdk-apple";
			requirement = {
				kind = upToNextMajorVersion;
				minimumVersion = 4.0.0;
			};
		};
		DCB3BAB7282C10CF00AF7072 /* XCRemoteSwiftPackageReference "dd-sdk-ios" */ = {
			isa = XCRemoteSwiftPackageReference;
			repositoryURL = "https://github.com/DataDog/dd-sdk-ios";
			requirement = {
				kind = upToNextMajorVersion;
				minimumVersion = 1.0.0;
			};
		};
		DCB3BABA282C113B00AF7072 /* XCRemoteSwiftPackageReference "KeychainAccess" */ = {
			isa = XCRemoteSwiftPackageReference;
			repositoryURL = "https://github.com/kishikawakatsumi/KeychainAccess";
			requirement = {
				kind = upToNextMajorVersion;
				minimumVersion = 4.0.0;
			};
		};
		DCB3BABD282C116C00AF7072 /* XCRemoteSwiftPackageReference "MBProgressHUD" */ = {
			isa = XCRemoteSwiftPackageReference;
			repositoryURL = "https://github.com/jdg/MBProgressHUD";
			requirement = {
				kind = upToNextMajorVersion;
				minimumVersion = 1.0.0;
			};
		};
		DCB3BAC0282C11C300AF7072 /* XCRemoteSwiftPackageReference "conversations-ios" */ = {
			isa = XCRemoteSwiftPackageReference;
			repositoryURL = "https://github.com/twilio/conversations-ios";
			requirement = {
				kind = upToNextMajorVersion;
				minimumVersion = 2.0.0;
			};
		};
		DCB3BAC3282C120F00AF7072 /* XCRemoteSwiftPackageReference "twilio-video-ios" */ = {
			isa = XCRemoteSwiftPackageReference;
			repositoryURL = "https://github.com/twilio/twilio-video-ios";
			requirement = {
				kind = upToNextMajorVersion;
				minimumVersion = 5.0.0;
			};
		};
		DCB3BAC9282C143C00AF7072 /* XCRemoteSwiftPackageReference "twilio-live-player-ios" */ = {
			isa = XCRemoteSwiftPackageReference;
			repositoryURL = "https://github.com/twilio/twilio-live-player-ios";
			requirement = {
				kind = upToNextMajorVersion;
				minimumVersion = 1.0.0;
			};
		};
/* End XCRemoteSwiftPackageReference section */

/* Begin XCSwiftPackageProductDependency section */
		DCB3BAA9282C0EF400AF7072 /* Alamofire */ = {
			isa = XCSwiftPackageProductDependency;
			package = DCB3BAA8282C0EF400AF7072 /* XCRemoteSwiftPackageReference "Alamofire" */;
			productName = Alamofire;
		};
		DCB3BAB3282C106300AF7072 /* AppCenterAnalytics */ = {
			isa = XCSwiftPackageProductDependency;
			package = DCB3BAB2282C106300AF7072 /* XCRemoteSwiftPackageReference "appcenter-sdk-apple" */;
			productName = AppCenterAnalytics;
		};
		DCB3BAB5282C106300AF7072 /* AppCenterCrashes */ = {
			isa = XCSwiftPackageProductDependency;
			package = DCB3BAB2282C106300AF7072 /* XCRemoteSwiftPackageReference "appcenter-sdk-apple" */;
			productName = AppCenterCrashes;
		};
		DCB3BAB8282C10CF00AF7072 /* Datadog */ = {
			isa = XCSwiftPackageProductDependency;
			package = DCB3BAB7282C10CF00AF7072 /* XCRemoteSwiftPackageReference "dd-sdk-ios" */;
			productName = Datadog;
		};
		DCB3BABB282C113B00AF7072 /* KeychainAccess */ = {
			isa = XCSwiftPackageProductDependency;
			package = DCB3BABA282C113B00AF7072 /* XCRemoteSwiftPackageReference "KeychainAccess" */;
			productName = KeychainAccess;
		};
		DCB3BABE282C116C00AF7072 /* MBProgressHUD */ = {
			isa = XCSwiftPackageProductDependency;
			package = DCB3BABD282C116C00AF7072 /* XCRemoteSwiftPackageReference "MBProgressHUD" */;
			productName = MBProgressHUD;
		};
		DCB3BAC1282C11C300AF7072 /* TwilioConversationsClient */ = {
			isa = XCSwiftPackageProductDependency;
			package = DCB3BAC0282C11C300AF7072 /* XCRemoteSwiftPackageReference "conversations-ios" */;
			productName = TwilioConversationsClient;
		};
		DCB3BAC4282C120F00AF7072 /* TwilioVideo */ = {
			isa = XCSwiftPackageProductDependency;
			package = DCB3BAC3282C120F00AF7072 /* XCRemoteSwiftPackageReference "twilio-video-ios" */;
			productName = TwilioVideo;
		};
		DCB3BACA282C143C00AF7072 /* TwilioLivePlayer */ = {
			isa = XCSwiftPackageProductDependency;
			package = DCB3BAC9282C143C00AF7072 /* XCRemoteSwiftPackageReference "twilio-live-player-ios" */;
			productName = TwilioLivePlayer;
		};
/* End XCSwiftPackageProductDependency section */
	};
	rootObject = DCA23ED225F93C580076C4FC /* Project object */;
}
