PODS:
  - Alamofire (5.5.0)
  - AmazonIVSPlayer (1.6.0)
  - AppCenter (4.4.1):
    - AppCenter/Analytics (= 4.4.1)
    - AppCenter/Crashes (= 4.4.1)
  - AppCenter/Analytics (4.4.1):
    - AppCenter/Core
  - AppCenter/Core (4.4.1)
  - AppCenter/Crashes (4.4.1):
    - AppCenter/Core
  - DatadogSDK (1.8.0):
    - Kronos (~> 4.2)
  - KeychainAccess (4.2.2)
  - Kronos (4.2.1)
  - MBProgressHUD (1.2.0)
  - TwilioConversationsClient (2.2.2)
  - TwilioLivePlayer (1.0.1)
  - TwilioVideo (4.6.3)

DEPENDENCIES:
  - Alamofire (~> 5)
  - AmazonIVSPlayer (= 1.6.0)
  - AppCenter (~> 4)
  - DatadogSDK (~> 1)
  - KeychainAccess (~> 4)
  - MBProgressHUD
  - TwilioConversationsClient (~> 2)
  - TwilioLivePlayer (= 1.0.1)
  - TwilioVideo (~> 4)

SPEC REPOS:
  trunk:
    - Alamofire
    - AmazonIVSPlayer
    - AppCenter
    - DatadogSDK
    - KeychainAccess
    - Kronos
    - MBProgressHUD
    - TwilioConversationsClient
    - TwilioLivePlayer
    - TwilioVideo

SPEC CHECKSUMS:
  Alamofire: 1c4fb5369c3fe93d2857c780d8bbe09f06f97e7c
  AmazonIVSPlayer: ffb432b2359faad4d6e91c5c4b9bbe726d42c5af
  AppCenter: b0b6f1190215b5f983c42934db718f3b46fff3c0
  DatadogSDK: 70bd7f07d902c0e5835bba87ff0cfcf642cc5a91
  KeychainAccess: c0c4f7f38f6fc7bbe58f5702e25f7bd2f65abf51
  Kronos: 0ca73a1c00dc9a49a0bab4a6ed42f282562a7058
  MBProgressHUD: 3ee5efcc380f6a79a7cc9b363dd669c5e1ae7406
  TwilioConversationsClient: 3dc0dcb33bbe9ffa5fc6d7b122625e753655e598
  TwilioLivePlayer: 65ce90f2dbbb4209fb3ae366e344feb060498596
  TwilioVideo: 4afaac028c5886f2f3b313a9fcc146a6b7ca34e2

PODFILE CHECKSUM: bc9f1a99f155bf148d38cd557ab3c63d6ff4595e

COCOAPODS: 1.10.0
