PODS:
  - Alamofire (5.5.0)
  - AmazonIVSPlayer (1.6.0)
  - AppCenter (4.4.1):
    - AppCenter/Analytics (= 4.4.1)
    - AppCenter/Crashes (= 4.4.1)
  - AppCenter/Analytics (4.4.1):
    - AppCenter/Core
  - AppCenter/Core (4.4.1)
  - AppCenter/Crashes (4.4.1):
    - AppCenter/Core
  - DatadogSDK (1.8.0):
    - Kronos (~> 4.2)
  - InAppSettingsKit (3.3.5)
  - KeychainAccess (4.2.2)
  - Kronos (4.2.1)
  - SVProgressHUD (2.2.5)
  - SwiftyUserDefaults (5.3.0)
  - TwilioConversationsClient (1.3.1)
  - TwilioLivePlayer (1.0.1)
  - TwilioVideo (4.6.3)

DEPENDENCIES:
  - Alamofire (~> 5)
  - AmazonIVSPlayer (= 1.6.0)
  - AppCenter (~> 4)
  - DatadogSDK (~> 1)
  - InAppSettingsKit (~> 3)
  - KeychainAccess (~> 4)
  - SVProgressHUD (~> 2)
  - SwiftyUserDefaults (~> 5)
  - TwilioConversationsClient (~> 1)
  - TwilioLivePlayer (= 1.0.1)
  - TwilioVideo (~> 4)

SPEC REPOS:
  trunk:
    - Alamofire
    - AmazonIVSPlayer
    - AppCenter
    - DatadogSDK
    - InAppSettingsKit
    - KeychainAccess
    - Kronos
    - SVProgressHUD
    - SwiftyUserDefaults
    - TwilioConversationsClient
    - TwilioLivePlayer
    - TwilioVideo

SPEC CHECKSUMS:
  Alamofire: 1c4fb5369c3fe93d2857c780d8bbe09f06f97e7c
  AmazonIVSPlayer: ffb432b2359faad4d6e91c5c4b9bbe726d42c5af
  AppCenter: b0b6f1190215b5f983c42934db718f3b46fff3c0
  DatadogSDK: 70bd7f07d902c0e5835bba87ff0cfcf642cc5a91
  InAppSettingsKit: e6123b1241711bac01fe7d837fd71f864bb473c0
  KeychainAccess: c0c4f7f38f6fc7bbe58f5702e25f7bd2f65abf51
  Kronos: 0ca73a1c00dc9a49a0bab4a6ed42f282562a7058
  SVProgressHUD: 1428aafac632c1f86f62aa4243ec12008d7a51d6
  SwiftyUserDefaults: 63f80248cf5bfb3458825d9a78f2eb7e1293a040
  TwilioConversationsClient: 10e017b8ef6e6286b444222fffac02914df85b9d
  TwilioLivePlayer: 65ce90f2dbbb4209fb3ae366e344feb060498596
  TwilioVideo: 4afaac028c5886f2f3b313a9fcc146a6b7ca34e2

PODFILE CHECKSUM: 4c243a862650955b61c4585c2728c8148d268fa2

COCOAPODS: 1.10.0
